
Microsoft Visual Studio Solution File, Format Version 12.00
# Visual Studio 15
VisualStudioVersion = 15.0.27004.2002
MinimumVisualStudioVersion = 10.0.40219.1
Project("{FAE04EC0-301F-11D3-BF4B-00C04F79EFBC}") = "BardPerformConverter", "BardPerformConverter\BardPerformConverter.csproj", "{1EE3FCB2-E85F-4FCA-8883-85ED37B662C1}"
EndProject
Global
	GlobalSection(SolutionConfigurationPlatforms) = preSolution
		Debug|Any CPU = Debug|Any CPU
		Release|Any CPU = Release|Any CPU
	EndGlobalSection
	GlobalSection(ProjectConfigurationPlatforms) = postSolution
		{1EE3FCB2-E85F-4FCA-8883-85ED37B662C1}.Debug|Any CPU.ActiveCfg = Debug|Any CPU
		{1EE3FCB2-E85F-4FCA-8883-85ED37B662C1}.Debug|Any CPU.Build.0 = Debug|Any CPU
		{1EE3FCB2-E85F-4FCA-8883-85ED37B662C1}.Release|Any CPU.ActiveCfg = Release|Any CPU
		{1EE3FCB2-E85F-4FCA-8883-85ED37B662C1}.Release|Any CPU.Build.0 = Release|Any CPU
	EndGlobalSection
	GlobalSection(SolutionProperties) = preSolution
		HideSolutionNode = FALSE
	EndGlobalSection
	GlobalSection(ExtensibilityGlobals) = postSolution
		SolutionGuid = {F8DFD2EE-E2DF-4198-950A-1BA67DB2111D}
	EndGlobalSection
EndGlobal
